// !$*UTF8*$!
{
	archiveVersion = 1;
	classes = {
	};
	objectVersion = 46;
	objects = {

/* Begin PBXBuildFile section */
		859652521C9A781D007F1FA9 /* AppDelegate.swift in Sources */ = {isa = PBXBuildFile; fileRef = 859652511C9A781D007F1FA9 /* AppDelegate.swift */; };
		859652541C9A781D007F1FA9 /* ViewController.swift in Sources */ = {isa = PBXBuildFile; fileRef = 859652531C9A781D007F1FA9 /* ViewController.swift */; };
		859652571C9A781D007F1FA9 /* Main.storyboard in Resources */ = {isa = PBXBuildFile; fileRef = 859652551C9A781D007F1FA9 /* Main.storyboard */; };
		859652591C9A781D007F1FA9 /* Assets.xcassets in Resources */ = {isa = PBXBuildFile; fileRef = 859652581C9A781D007F1FA9 /* Assets.xcassets */; };
		8596525C1C9A781D007F1FA9 /* LaunchScreen.storyboard in Resources */ = {isa = PBXBuildFile; fileRef = 8596525A1C9A781D007F1FA9 /* LaunchScreen.storyboard */; };
		859652671C9A781D007F1FA9 /* testTests.swift in Sources */ = {isa = PBXBuildFile; fileRef = 859652661C9A781D007F1FA9 /* testTests.swift */; };
		859652721C9A781D007F1FA9 /* testUITests.swift in Sources */ = {isa = PBXBuildFile; fileRef = 859652711C9A781D007F1FA9 /* testUITests.swift */; };
/* End PBXBuildFile section */

/* Begin PBXContainerItemProxy section */
		859652631C9A781D007F1FA9 /* PBXContainerItemProxy */ = {
			isa = PBXContainerItemProxy;
			containerPortal = 859652461C9A781D007F1FA9 /* Project object */;
			proxyType = 1;
			remoteGlobalIDString = 8596524D1C9A781D007F1FA9;
			remoteInfo = test;
		};
		8596526E1C9A781D007F1FA9 /* PBXContainerItemProxy */ = {
			isa = PBXContainerItemProxy;
			containerPortal = 859652461C9A781D007F1FA9 /* Project object */;
			proxyType = 1;
			remoteGlobalIDString = 8596524D1C9A781D007F1FA9;
			remoteInfo = test;
		};
/* End PBXContainerItemProxy section */

/* Begin PBXFileReference section */
		8596524E1C9A781D007F1FA9 /* test.app */ = {isa = PBXFileReference; explicitFileType = wrapper.application; includeInIndex = 0; path = test.app; sourceTree = BUILT_PRODUCTS_DIR; };
		859652511C9A781D007F1FA9 /* AppDelegate.swift */ = {isa = PBXFileReference; lastKnownFileType = sourcecode.swift; path = AppDelegate.swift; sourceTree = "<group>"; };
		859652531C9A781D007F1FA9 /* ViewController.swift */ = {isa = PBXFileReference; lastKnownFileType = sourcecode.swift; path = ViewController.swift; sourceTree = "<group>"; };
		859652561C9A781D007F1FA9 /* Base */ = {isa = PBXFileReference; lastKnownFileType = file.storyboard; name = Base; path = Base.lproj/Main.storyboard; sourceTree = "<group>"; };
		859652581C9A781D007F1FA9 /* Assets.xcassets */ = {isa = PBXFileReference; lastKnownFileType = folder.assetcatalog; path = Assets.xcassets; sourceTree = "<group>"; };
		8596525B1C9A781D007F1FA9 /* Base */ = {isa = PBXFileReference; lastKnownFileType = file.storyboard; name = Base; path = Base.lproj/LaunchScreen.storyboard; sourceTree = "<group>"; };
		8596525D1C9A781D007F1FA9 /* Info.plist */ = {isa = PBXFileReference; lastKnownFileType = text.plist.xml; path = Info.plist; sourceTree = "<group>"; };
		859652621C9A781D007F1FA9 /* testTests.xctest */ = {isa = PBXFileReference; explicitFileType = wrapper.cfbundle; includeInIndex = 0; path = testTests.xctest; sourceTree = BUILT_PRODUCTS_DIR; };
		859652661C9A781D007F1FA9 /* testTests.swift */ = {isa = PBXFileReference; lastKnownFileType = sourcecode.swift; path = testTests.swift; sourceTree = "<group>"; };
		859652681C9A781D007F1FA9 /* Info.plist */ = {isa = PBXFileReference; lastKnownFileType = text.plist.xml; path = Info.plist; sourceTree = "<group>"; };
		8596526D1C9A781D007F1FA9 /* testUITests.xctest */ = {isa = PBXFileReference; explicitFileType = wrapper.cfbundle; includeInIndex = 0; path = testUITests.xctest; sourceTree = BUILT_PRODUCTS_DIR; };
		859652711C9A781D007F1FA9 /* testUITests.swift */ = {isa = PBXFileReference; lastKnownFileType = sourcecode.swift; path = testUITests.swift; sourceTree = "<group>"; };
		859652731C9A781D007F1FA9 /* Info.plist */ = {isa = PBXFileReference; lastKnownFileType = text.plist.xml; path = Info.plist; sourceTree = "<group>"; };
/* End PBXFileReference section */

/* Begin PBXFrameworksBuildPhase section */
		8596524B1C9A781D007F1FA9 /* Frameworks */ = {
			isa = PBXFrameworksBuildPhase;
			buildActionMask = 2147483647;
			files = (
			);
			runOnlyForDeploymentPostprocessing = 0;
		};
		8596525F1C9A781D007F1FA9 /* Frameworks */ = {
			isa = PBXFrameworksBuildPhase;
			buildActionMask = 2147483647;
			files = (
			);
			runOnlyForDeploymentPostprocessing = 0;
		};
		8596526A1C9A781D007F1FA9 /* Frameworks */ = {
			isa = PBXFrameworksBuildPhase;
			buildActionMask = 2147483647;
			files = (
			);
			runOnlyForDeploymentPostprocessing = 0;
		};
/* End PBXFrameworksBuildPhase section */

/* Begin PBXGroup section */
		859652451C9A781D007F1FA9 = {
			isa = PBXGroup;
			children = (
				859652501C9A781D007F1FA9 /* test */,
				859652651C9A781D007F1FA9 /* testTests */,
				859652701C9A781D007F1FA9 /* testUITests */,
				8596524F1C9A781D007F1FA9 /* Products */,
			);
			sourceTree = "<group>";
		};
		8596524F1C9A781D007F1FA9 /* Products */ = {
			isa = PBXGroup;
			children = (
				8596524E1C9A781D007F1FA9 /* test.app */,
				859652621C9A781D007F1FA9 /* testTests.xctest */,
				8596526D1C9A781D007F1FA9 /* testUITests.xctest */,
			);
			name = Products;
			sourceTree = "<group>";
		};
		859652501C9A781D007F1FA9 /* test */ = {
			isa = PBXGroup;
			children = (
				859652511C9A781D007F1FA9 /* AppDelegate.swift */,
				859652531C9A781D007F1FA9 /* ViewController.swift */,
				859652551C9A781D007F1FA9 /* Main.storyboard */,
				859652581C9A781D007F1FA9 /* Assets.xcassets */,
				8596525A1C9A781D007F1FA9 /* LaunchScreen.storyboard */,
				8596525D1C9A781D007F1FA9 /* Info.plist */,
			);
			path = test;
			sourceTree = "<group>";
		};
		859652651C9A781D007F1FA9 /* testTests */ = {
			isa = PBXGroup;
			children = (
				859652661C9A781D007F1FA9 /* testTests.swift */,
				859652681C9A781D007F1FA9 /* Info.plist */,
			);
			path = testTests;
			sourceTree = "<group>";
		};
		859652701C9A781D007F1FA9 /* testUITests */ = {
			isa = PBXGroup;
			children = (
				859652711C9A781D007F1FA9 /* testUITests.swift */,
				859652731C9A781D007F1FA9 /* Info.plist */,
			);
			path = testUITests;
			sourceTree = "<group>";
		};
/* End PBXGroup section */

/* Begin PBXNativeTarget section */
		8596524D1C9A781D007F1FA9 /* test */ = {
			isa = PBXNativeTarget;
			buildConfigurationList = 859652761C9A781D007F1FA9 /* Build configuration list for PBXNativeTarget "test" */;
			buildPhases = (
				8596524A1C9A781D007F1FA9 /* Sources */,
				8596524B1C9A781D007F1FA9 /* Frameworks */,
				8596524C1C9A781D007F1FA9 /* Resources */,
			);
			buildRules = (
			);
			dependencies = (
			);
			name = test;
			productName = test;
			productReference = 8596524E1C9A781D007F1FA9 /* test.app */;
			productType = "com.apple.product-type.application";
		};
		859652611C9A781D007F1FA9 /* testTests */ = {
			isa = PBXNativeTarget;
			buildConfigurationList = 859652791C9A781D007F1FA9 /* Build configuration list for PBXNativeTarget "testTests" */;
			buildPhases = (
				8596525E1C9A781D007F1FA9 /* Sources */,
				8596525F1C9A781D007F1FA9 /* Frameworks */,
				859652601C9A781D007F1FA9 /* Resources */,
			);
			buildRules = (
			);
			dependencies = (
				859652641C9A781D007F1FA9 /* PBXTargetDependency */,
			);
			name = testTests;
			productName = testTests;
			productReference = 859652621C9A781D007F1FA9 /* testTests.xctest */;
			productType = "com.apple.product-type.bundle.unit-test";
		};
		8596526C1C9A781D007F1FA9 /* testUITests */ = {
			isa = PBXNativeTarget;
			buildConfigurationList = 8596527C1C9A781D007F1FA9 /* Build configuration list for PBXNativeTarget "testUITests" */;
			buildPhases = (
				859652691C9A781D007F1FA9 /* Sources */,
				8596526A1C9A781D007F1FA9 /* Frameworks */,
				8596526B1C9A781D007F1FA9 /* Resources */,
			);
			buildRules = (
			);
			dependencies = (
				8596526F1C9A781D007F1FA9 /* PBXTargetDependency */,
			);
			name = testUITests;
			productName = testUITests;
			productReference = 8596526D1C9A781D007F1FA9 /* testUITests.xctest */;
			productType = "com.apple.product-type.bundle.ui-testing";
		};
/* End PBXNativeTarget section */

/* Begin PBXProject section */
		859652461C9A781D007F1FA9 /* Project object */ = {
			isa = PBXProject;
			attributes = {
				LastSwiftUpdateCheck = 0720;
				LastUpgradeCheck = 0720;
				ORGANIZATIONNAME = moriyuki;
				TargetAttributes = {
					8596524D1C9A781D007F1FA9 = {
						CreatedOnToolsVersion = 7.2.1;
						DevelopmentTeam = 5AZGEGGB3W;
					};
					859652611C9A781D007F1FA9 = {
						CreatedOnToolsVersion = 7.2.1;
						DevelopmentTeam = 5AZGEGGB3W;
						TestTargetID = 8596524D1C9A781D007F1FA9;
					};
					8596526C1C9A781D007F1FA9 = {
						CreatedOnToolsVersion = 7.2.1;
						DevelopmentTeam = 5AZGEGGB3W;
						TestTargetID = 8596524D1C9A781D007F1FA9;
					};
				};
			};
			buildConfigurationList = 859652491C9A781D007F1FA9 /* Build configuration list for PBXProject "test" */;
			compatibilityVersion = "Xcode 3.2";
			developmentRegion = English;
			hasScannedForEncodings = 0;
			knownRegions = (
				en,
				Base,
			);
			mainGroup = 859652451C9A781D007F1FA9;
			productRefGroup = 8596524F1C9A781D007F1FA9 /* Products */;
			projectDirPath = "";
			projectRoot = "";
			targets = (
				8596524D1C9A781D007F1FA9 /* test */,
				859652611C9A781D007F1FA9 /* testTests */,
				8596526C1C9A781D007F1FA9 /* testUITests */,
			);
		};
/* End PBXProject section */

/* Begin PBXResourcesBuildPhase section */
		8596524C1C9A781D007F1FA9 /* Resources */ = {
			isa = PBXResourcesBuildPhase;
			buildActionMask = 2147483647;
			files = (
				8596525C1C9A781D007F1FA9 /* LaunchScreen.storyboard in Resources */,
				859652591C9A781D007F1FA9 /* Assets.xcassets in Resources */,
				859652571C9A781D007F1FA9 /* Main.storyboard in Resources */,
			);
			runOnlyForDeploymentPostprocessing = 0;
		};
		859652601C9A781D007F1FA9 /* Resources */ = {
			isa = PBXResourcesBuildPhase;
			buildActionMask = 2147483647;
			files = (
			);
			runOnlyForDeploymentPostprocessing = 0;
		};
		8596526B1C9A781D007F1FA9 /* Resources */ = {
			isa = PBXResourcesBuildPhase;
			buildActionMask = 2147483647;
			files = (
			);
			runOnlyForDeploymentPostprocessing = 0;
		};
/* End PBXResourcesBuildPhase section */

/* Begin PBXSourcesBuildPhase section */
		8596524A1C9A781D007F1FA9 /* Sources */ = {
			isa = PBXSourcesBuildPhase;
			buildActionMask = 2147483647;
			files = (
				859652541C9A781D007F1FA9 /* ViewController.swift in Sources */,
				859652521C9A781D007F1FA9 /* AppDelegate.swift in Sources */,
			);
			runOnlyForDeploymentPostprocessing = 0;
		};
		8596525E1C9A781D007F1FA9 /* Sources */ = {
			isa = PBXSourcesBuildPhase;
			buildActionMask = 2147483647;
			files = (
				859652671C9A781D007F1FA9 /* testTests.swift in Sources */,
			);
			runOnlyForDeploymentPostprocessing = 0;
		};
		859652691C9A781D007F1FA9 /* Sources */ = {
			isa = PBXSourcesBuildPhase;
			buildActionMask = 2147483647;
			files = (
				859652721C9A781D007F1FA9 /* testUITests.swift in Sources */,
			);
			runOnlyForDeploymentPostprocessing = 0;
		};
/* End PBXSourcesBuildPhase section */

/* Begin PBXTargetDependency section */
		859652641C9A781D007F1FA9 /* PBXTargetDependency */ = {
			isa = PBXTargetDependency;
			target = 8596524D1C9A781D007F1FA9 /* test */;
			targetProxy = 859652631C9A781D007F1FA9 /* PBXContainerItemProxy */;
		};
		8596526F1C9A781D007F1FA9 /* PBXTargetDependency */ = {
			isa = PBXTargetDependency;
			target = 8596524D1C9A781D007F1FA9 /* test */;
			targetProxy = 8596526E1C9A781D007F1FA9 /* PBXContainerItemProxy */;
		};
/* End PBXTargetDependency section */

/* Begin PBXVariantGroup section */
		859652551C9A781D007F1FA9 /* Main.storyboard */ = {
			isa = PBXVariantGroup;
			children = (
				859652561C9A781D007F1FA9 /* Base */,
			);
			name = Main.storyboard;
			sourceTree = "<group>";
		};
		8596525A1C9A781D007F1FA9 /* LaunchScreen.storyboard */ = {
			isa = PBXVariantGroup;
			children = (
				8596525B1C9A781D007F1FA9 /* Base */,
			);
			name = LaunchScreen.storyboard;
			sourceTree = "<group>";
		};
/* End PBXVariantGroup section */

/* Begin XCBuildConfiguration section */
		859652741C9A781D007F1FA9 /* Debug */ = {
			isa = XCBuildConfiguration;
			buildSettings = {
				ALWAYS_SEARCH_USER_PATHS = NO;
				CLANG_CXX_LANGUAGE_STANDARD = "gnu++0x";
				CLANG_CXX_LIBRARY = "libc++";
				CLANG_ENABLE_MODULES = YES;
				CLANG_ENABLE_OBJC_ARC = YES;
				CLANG_WARN_BOOL_CONVERSION = YES;
				CLANG_WARN_CONSTANT_CONVERSION = YES;
				CLANG_WARN_DIRECT_OBJC_ISA_USAGE = YES_ERROR;
				CLANG_WARN_EMPTY_BODY = YES;
				CLANG_WARN_ENUM_CONVERSION = YES;
				CLANG_WARN_INT_CONVERSION = YES;
				CLANG_WARN_OBJC_ROOT_CLASS = YES_ERROR;
				CLANG_WARN_UNREACHABLE_CODE = YES;
				CLANG_WARN__DUPLICATE_METHOD_MATCH = YES;
				"CODE_SIGN_IDENTITY[sdk=iphoneos*]" = "iPhone Developer";
				COPY_PHASE_STRIP = NO;
				DEBUG_INFORMATION_FORMAT = dwarf;
				ENABLE_STRICT_OBJC_MSGSEND = YES;
				ENABLE_TESTABILITY = YES;
				GCC_C_LANGUAGE_STANDARD = gnu99;
				GCC_DYNAMIC_NO_PIC = NO;
				GCC_NO_COMMON_BLOCKS = YES;
				GCC_OPTIMIZATION_LEVEL = 0;
				GCC_PREPROCESSOR_DEFINITIONS = (
					"DEBUG=1",
					"$(inherited)",
				);
				GCC_WARN_64_TO_32_BIT_CONVERSION = YES;
				GCC_WARN_ABOUT_RETURN_TYPE = YES_ERROR;
				GCC_WARN_UNDECLARED_SELECTOR = YES;
				GCC_WARN_UNINITIALIZED_AUTOS = YES_AGGRESSIVE;
				GCC_WARN_UNUSED_FUNCTION = YES;
				GCC_WARN_UNUSED_VARIABLE = YES;
				IPHONEOS_DEPLOYMENT_TARGET = 9.2;
				MTL_ENABLE_DEBUG_INFO = YES;
				ONLY_ACTIVE_ARCH = YES;
				SDKROOT = iphoneos;
				SWIFT_OPTIMIZATION_LEVEL = "-Onone";
				TARGETED_DEVICE_FAMILY = "1,2";
			};
			name = Debug;
		};
		859652751C9A781D007F1FA9 /* Release */ = {
			isa = XCBuildConfiguration;
			buildSettings = {
				ALWAYS_SEARCH_USER_PATHS = NO;
				CLANG_CXX_LANGUAGE_STANDARD = "gnu++0x";
				CLANG_CXX_LIBRARY = "libc++";
				CLANG_ENABLE_MODULES = YES;
				CLANG_ENABLE_OBJC_ARC = YES;
				CLANG_WARN_BOOL_CONVERSION = YES;
				CLANG_WARN_CONSTANT_CONVERSION = YES;
				CLANG_WARN_DIRECT_OBJC_ISA_USAGE = YES_ERROR;
				CLANG_WARN_EMPTY_BODY = YES;
				CLANG_WARN_ENUM_CONVERSION = YES;
				CLANG_WARN_INT_CONVERSION = YES;
				CLANG_WARN_OBJC_ROOT_CLASS = YES_ERROR;
				CLANG_WARN_UNREACHABLE_CODE = YES;
				CLANG_WARN__DUPLICATE_METHOD_MATCH = YES;
				"CODE_SIGN_IDENTITY[sdk=iphoneos*]" = "iPhone Developer";
				COPY_PHASE_STRIP = NO;
				DEBUG_INFORMATION_FORMAT = "dwarf-with-dsym";
				ENABLE_NS_ASSERTIONS = NO;
				ENABLE_STRICT_OBJC_MSGSEND = YES;
				GCC_C_LANGUAGE_STANDARD = gnu99;
				GCC_NO_COMMON_BLOCKS = YES;
				GCC_WARN_64_TO_32_BIT_CONVERSION = YES;
				GCC_WARN_ABOUT_RETURN_TYPE = YES_ERROR;
				GCC_WARN_UNDECLARED_SELECTOR = YES;
				GCC_WARN_UNINITIALIZED_AUTOS = YES_AGGRESSIVE;
				GCC_WARN_UNUSED_FUNCTION = YES;
				GCC_WARN_UNUSED_VARIABLE = YES;
				IPHONEOS_DEPLOYMENT_TARGET = 9.2;
				MTL_ENABLE_DEBUG_INFO = NO;
				SDKROOT = iphoneos;
				TARGETED_DEVICE_FAMILY = "1,2";
				VALIDATE_PRODUCT = YES;
			};
			name = Release;
		};
		859652771C9A781D007F1FA9 /* Debug */ = {
			isa = XCBuildConfiguration;
			buildSettings = {
				ASSETCATALOG_COMPILER_APPICON_NAME = AppIcon;
				INFOPLIST_FILE = test/Info.plist;
				LD_RUNPATH_SEARCH_PATHS = "$(inherited) @executable_path/Frameworks";
				PRODUCT_BUNDLE_IDENTIFIER = com.moriyukiapps.test;
				PRODUCT_NAME = "$(TARGET_NAME)";
			};
			name = Debug;
		};
		859652781C9A781D007F1FA9 /* Release */ = {
			isa = XCBuildConfiguration;
			buildSettings = {
				ASSETCATALOG_COMPILER_APPICON_NAME = AppIcon;
				INFOPLIST_FILE = test/Info.plist;
				LD_RUNPATH_SEARCH_PATHS = "$(inherited) @executable_path/Frameworks";
				PRODUCT_BUNDLE_IDENTIFIER = com.moriyukiapps.test;
				PRODUCT_NAME = "$(TARGET_NAME)";
			};
			name = Release;
		};
		8596527A1C9A781D007F1FA9 /* Debug */ = {
			isa = XCBuildConfiguration;
			buildSettings = {
				BUNDLE_LOADER = "$(TEST_HOST)";
				INFOPLIST_FILE = testTests/Info.plist;
				LD_RUNPATH_SEARCH_PATHS = "$(inherited) @executable_path/Frameworks @loader_path/Frameworks";
				PRODUCT_BUNDLE_IDENTIFIER = com.moriyukiapps.testTests;
				PRODUCT_NAME = "$(TARGET_NAME)";
				TEST_HOST = "$(BUILT_PRODUCTS_DIR)/test.app/test";
			};
			name = Debug;
		};
		8596527B1C9A781D007F1FA9 /* Release */ = {
			isa = XCBuildConfiguration;
			buildSettings = {
				BUNDLE_LOADER = "$(TEST_HOST)";
				INFOPLIST_FILE = testTests/Info.plist;
				LD_RUNPATH_SEARCH_PATHS = "$(inherited) @executable_path/Frameworks @loader_path/Frameworks";
				PRODUCT_BUNDLE_IDENTIFIER = com.moriyukiapps.testTests;
				PRODUCT_NAME = "$(TARGET_NAME)";
				TEST_HOST = "$(BUILT_PRODUCTS_DIR)/test.app/test";
			};
			name = Release;
		};
		8596527D1C9A781D007F1FA9 /* Debug */ = {
			isa = XCBuildConfiguration;
			buildSettings = {
				INFOPLIST_FILE = testUITests/Info.plist;
				LD_RUNPATH_SEARCH_PATHS = "$(inherited) @executable_path/Frameworks @loader_path/Frameworks";
				PRODUCT_BUNDLE_IDENTIFIER = com.moriyukiapps.testUITests;
				PRODUCT_NAME = "$(TARGET_NAME)";
				TEST_TARGET_NAME = test;
				USES_XCTRUNNER = YES;
			};
			name = Debug;
		};
		8596527E1C9A781D007F1FA9 /* Release */ = {
			isa = XCBuildConfiguration;
			buildSettings = {
				INFOPLIST_FILE = testUITests/Info.plist;
				LD_RUNPATH_SEARCH_PATHS = "$(inherited) @executable_path/Frameworks @loader_path/Frameworks";
				PRODUCT_BUNDLE_IDENTIFIER = com.moriyukiapps.testUITests;
				PRODUCT_NAME = "$(TARGET_NAME)";
				TEST_TARGET_NAME = test;
				USES_XCTRUNNER = YES;
			};
			name = Release;
		};
/* End XCBuildConfiguration section */

/* Begin XCConfigurationList section */
		859652491C9A781D007F1FA9 /* Build configuration list for PBXProject "test" */ = {
			isa = XCConfigurationList;
			buildConfigurations = (
				859652741C9A781D007F1FA9 /* Debug */,
				859652751C9A781D007F1FA9 /* Release */,
			);
			defaultConfigurationIsVisible = 0;
			defaultConfigurationName = Release;
		};
		859652761C9A781D007F1FA9 /* Build configuration list for PBXNativeTarget "test" */ = {
			isa = XCConfigurationList;
			buildConfigurations = (
				859652771C9A781D007F1FA9 /* Debug */,
				859652781C9A781D007F1FA9 /* Release */,
			);
			defaultConfigurationIsVisible = 0;
		};
		859652791C9A781D007F1FA9 /* Build configuration list for PBXNativeTarget "testTests" */ = {
			isa = XCConfigurationList;
			buildConfigurations = (
				8596527A1C9A781D007F1FA9 /* Debug */,
				8596527B1C9A781D007F1FA9 /* Release */,
			);
			defaultConfigurationIsVisible = 0;
		};
		8596527C1C9A781D007F1FA9 /* Build configuration list for PBXNativeTarget "testUITests" */ = {
			isa = XCConfigurationList;
			buildConfigurations = (
				8596527D1C9A781D007F1FA9 /* Debug */,
				8596527E1C9A781D007F1FA9 /* Release */,
			);
			defaultConfigurationIsVisible = 0;
		};
/* End XCConfigurationList section */
	};
	rootObject = 859652461C9A781D007F1FA9 /* Project object */;
}
